# This file is automatically @generated by Veryl.
# It is not intended for manual editing.
version = 1

[[projects]]
name = "gndless_fixedpoint"
dependencies = []

[projects.source]
uuid = "14e43f16-b28a-5906-9892-0ea0bcdfc492"
url = "https://github.com/AkiyukiOkayasu/gndless-fixedpoint-veryl"
path = ""
project = "gndless_fixedpoint"
version = "0.2.0"
revision = "62fe80930ed4fee336333dd2d4b9476c56594ca8"

[projects.properties]

[[projects]]
name = "gndless_nco"
source = "../gndless-nco-veryl"
dependencies = []

[projects.properties]
